// !$*UTF8*$!
{
	archiveVersion = 1;
	classes = {
	};
	objectVersion = 77;
	objects = {

/* Begin PBXBuildFile section */
		0885FF01FB7B758DDA13EA5A /* KeepAwakeView.swift in Sources */ = {isa = PBXBuildFile; fileRef = ECCFC67FD035F7219FF0AC9E /* KeepAwakeView.swift */; };
		158982134E10AD69BFF79F48 /* ContentView.swift in Sources */ = {isa = PBXBuildFile; fileRef = 233923EC52E2C28E957C5FD6 /* ContentView.swift */; };
		1DCB9D7E8FF4EF1C1C0F259E /* Config.example.swift in Sources */ = {isa = PBXBuildFile; fileRef = 4CDAE7E46A905DF29C806D6C /* Config.example.swift */; };
		1FE9FDF772BB0BB57B3863E6 /* SushiListView.swift in Sources */ = {isa = PBXBuildFile; fileRef = 8D7FF63171F8377DAD5D7A2E /* SushiListView.swift */; };
		36B3B31FE8CFCA51F008A399 /* AuthManager.swift in Sources */ = {isa = PBXBuildFile; fileRef = 81C559037B3937A32B2AA6E5 /* AuthManager.swift */; };
		4ED6E66A03AB80F43CAFB4C2 /* Models.swift in Sources */ = {isa = PBXBuildFile; fileRef = 36E893878E759FBAFECFF236 /* Models.swift */; };
		50DEAEC63B9764534D0597DC /* WelcomeView.swift in Sources */ = {isa = PBXBuildFile; fileRef = 57C69BFEA20768A420ECCB78 /* WelcomeView.swift */; };
		673A133C649B17A2FE5E3611 /* SushiTrackerApp.swift in Sources */ = {isa = PBXBuildFile; fileRef = F36C2745D43E5CBF06DC04FA /* SushiTrackerApp.swift */; };
		6E279EAA71FFD267043850FA /* LoginView.swift in Sources */ = {isa = PBXBuildFile; fileRef = 63DA455E7A55544365307488 /* LoginView.swift */; };
		74E45675D8614F2E51AE3319 /* Supabase in Frameworks */ = {isa = PBXBuildFile; productRef = 592A7255269165BF91F4A5FD /* Supabase */; };
		7B2558EBDA3E07FF6B1A5F6B /* SupabaseService.swift in Sources */ = {isa = PBXBuildFile; fileRef = 7E0162858AFC528CE99C05ED /* SupabaseService.swift */; };
		85E6F2E7912CDBF89A4BB3F6 /* SignUpView.swift in Sources */ = {isa = PBXBuildFile; fileRef = 2669FBA1426965D89F74A137 /* SignUpView.swift */; };
		9E7917C5B42C5CC8B387AF03 /* AuthField.swift in Sources */ = {isa = PBXBuildFile; fileRef = 16EF631E620241DFDA8542D7 /* AuthField.swift */; };
		9FD229F0DA70D727D38D8699 /* HomeView.swift in Sources */ = {isa = PBXBuildFile; fileRef = 8DA1B95FA2720613ABFF72E7 /* HomeView.swift */; };
		AC385552B127D3078BDBE365 /* SushiSessionView.swift in Sources */ = {isa = PBXBuildFile; fileRef = AEF50049B0C9858F721AC860 /* SushiSessionView.swift */; };
		CDF9F2B9623F931F7496D5B9 /* Config.swift in Sources */ = {isa = PBXBuildFile; fileRef = 8487BA37D885F6E8B8C963AA /* Config.swift */; };
/* End PBXBuildFile section */

/* Begin PBXFileReference section */
		16EF631E620241DFDA8542D7 /* AuthField.swift */ = {isa = PBXFileReference; lastKnownFileType = sourcecode.swift; path = AuthField.swift; sourceTree = "<group>"; };
		233923EC52E2C28E957C5FD6 /* ContentView.swift */ = {isa = PBXFileReference; lastKnownFileType = sourcecode.swift; path = ContentView.swift; sourceTree = "<group>"; };
		2669FBA1426965D89F74A137 /* SignUpView.swift */ = {isa = PBXFileReference; lastKnownFileType = sourcecode.swift; path = SignUpView.swift; sourceTree = "<group>"; };
		36E893878E759FBAFECFF236 /* Models.swift */ = {isa = PBXFileReference; lastKnownFileType = sourcecode.swift; path = Models.swift; sourceTree = "<group>"; };
		4CDAE7E46A905DF29C806D6C /* Config.example.swift */ = {isa = PBXFileReference; lastKnownFileType = sourcecode.swift; path = Config.example.swift; sourceTree = "<group>"; };
		57C69BFEA20768A420ECCB78 /* WelcomeView.swift */ = {isa = PBXFileReference; lastKnownFileType = sourcecode.swift; path = WelcomeView.swift; sourceTree = "<group>"; };
		5BAF8EFECC3A9BAEB3BC4C8F /* SushiTracker.app */ = {isa = PBXFileReference; includeInIndex = 0; lastKnownFileType = wrapper.application; path = SushiTracker.app; sourceTree = BUILT_PRODUCTS_DIR; };
		63DA455E7A55544365307488 /* LoginView.swift */ = {isa = PBXFileReference; lastKnownFileType = sourcecode.swift; path = LoginView.swift; sourceTree = "<group>"; };
		7E0162858AFC528CE99C05ED /* SupabaseService.swift */ = {isa = PBXFileReference; lastKnownFileType = sourcecode.swift; path = SupabaseService.swift; sourceTree = "<group>"; };
		81C559037B3937A32B2AA6E5 /* AuthManager.swift */ = {isa = PBXFileReference; lastKnownFileType = sourcecode.swift; path = AuthManager.swift; sourceTree = "<group>"; };
		8487BA37D885F6E8B8C963AA /* Config.swift */ = {isa = PBXFileReference; lastKnownFileType = sourcecode.swift; path = Config.swift; sourceTree = "<group>"; };
		8D7FF63171F8377DAD5D7A2E /* SushiListView.swift */ = {isa = PBXFileReference; lastKnownFileType = sourcecode.swift; path = SushiListView.swift; sourceTree = "<group>"; };
		8DA1B95FA2720613ABFF72E7 /* HomeView.swift */ = {isa = PBXFileReference; lastKnownFileType = sourcecode.swift; path = HomeView.swift; sourceTree = "<group>"; };
		9DBF62C37E86BFF89D811B83 /* Info.plist */ = {isa = PBXFileReference; lastKnownFileType = text.plist; path = Info.plist; sourceTree = "<group>"; };
		AEF50049B0C9858F721AC860 /* SushiSessionView.swift */ = {isa = PBXFileReference; lastKnownFileType = sourcecode.swift; path = SushiSessionView.swift; sourceTree = "<group>"; };
		ECCFC67FD035F7219FF0AC9E /* KeepAwakeView.swift */ = {isa = PBXFileReference; lastKnownFileType = sourcecode.swift; path = KeepAwakeView.swift; sourceTree = "<group>"; };
		F36C2745D43E5CBF06DC04FA /* SushiTrackerApp.swift */ = {isa = PBXFileReference; lastKnownFileType = sourcecode.swift; path = SushiTrackerApp.swift; sourceTree = "<group>"; };
/* End PBXFileReference section */

/* Begin PBXFrameworksBuildPhase section */
		92C7F8F279371CC4BAE3AD88 /* Frameworks */ = {
			isa = PBXFrameworksBuildPhase;
			buildActionMask = 2147483647;
			files = (
				74E45675D8614F2E51AE3319 /* Supabase in Frameworks */,
			);
			runOnlyForDeploymentPostprocessing = 0;
		};
/* End PBXFrameworksBuildPhase section */

/* Begin PBXGroup section */
		07643AA551CEE69CF13B49F6 /* Services */ = {
			isa = PBXGroup;
			children = (
				81C559037B3937A32B2AA6E5 /* AuthManager.swift */,
				7E0162858AFC528CE99C05ED /* SupabaseService.swift */,
			);
			path = Services;
			sourceTree = "<group>";
		};
		3EBE52C750ABEC057CDA913B /* SushiTracker */ = {
			isa = PBXGroup;
			children = (
				4CDAE7E46A905DF29C806D6C /* Config.example.swift */,
				8487BA37D885F6E8B8C963AA /* Config.swift */,
				233923EC52E2C28E957C5FD6 /* ContentView.swift */,
				9DBF62C37E86BFF89D811B83 /* Info.plist */,
				F36C2745D43E5CBF06DC04FA /* SushiTrackerApp.swift */,
				4EE0D3F0DDF5F8E12CC4A85A /* Models */,
				07643AA551CEE69CF13B49F6 /* Services */,
				E73BC8266D6F70BFA8239CE7 /* Views */,
			);
			path = SushiTracker;
			sourceTree = "<group>";
		};
		4EE0D3F0DDF5F8E12CC4A85A /* Models */ = {
			isa = PBXGroup;
			children = (
				36E893878E759FBAFECFF236 /* Models.swift */,
			);
			path = Models;
			sourceTree = "<group>";
		};
		7B8B8BDDA7D85745103E5651 /* Products */ = {
			isa = PBXGroup;
			children = (
				5BAF8EFECC3A9BAEB3BC4C8F /* SushiTracker.app */,
			);
			name = Products;
			sourceTree = "<group>";
		};
		E0E365753AEC7011C1B54D63 = {
			isa = PBXGroup;
			children = (
				3EBE52C750ABEC057CDA913B /* SushiTracker */,
				7B8B8BDDA7D85745103E5651 /* Products */,
			);
			sourceTree = "<group>";
		};
		E73BC8266D6F70BFA8239CE7 /* Views */ = {
			isa = PBXGroup;
			children = (
				16EF631E620241DFDA8542D7 /* AuthField.swift */,
				8DA1B95FA2720613ABFF72E7 /* HomeView.swift */,
				ECCFC67FD035F7219FF0AC9E /* KeepAwakeView.swift */,
				63DA455E7A55544365307488 /* LoginView.swift */,
				2669FBA1426965D89F74A137 /* SignUpView.swift */,
				8D7FF63171F8377DAD5D7A2E /* SushiListView.swift */,
				AEF50049B0C9858F721AC860 /* SushiSessionView.swift */,
				57C69BFEA20768A420ECCB78 /* WelcomeView.swift */,
			);
			path = Views;
			sourceTree = "<group>";
		};
/* End PBXGroup section */

/* Begin PBXNativeTarget section */
		ED5FFC0DC8A8A33BD6B33E22 /* SushiTracker */ = {
			isa = PBXNativeTarget;
			buildConfigurationList = 2D70D4DA5CC0D1E0B5E0D544 /* Build configuration list for PBXNativeTarget "SushiTracker" */;
			buildPhases = (
				0E265691E1A93E19FDCD4BF3 /* Sources */,
				92C7F8F279371CC4BAE3AD88 /* Frameworks */,
			);
			buildRules = (
			);
			dependencies = (
			);
			name = SushiTracker;
			packageProductDependencies = (
				592A7255269165BF91F4A5FD /* Supabase */,
			);
			productName = SushiTracker;
			productReference = 5BAF8EFECC3A9BAEB3BC4C8F /* SushiTracker.app */;
			productType = "com.apple.product-type.application";
		};
/* End PBXNativeTarget section */

/* Begin PBXProject section */
		97594DA7476D7A9016E69BAB /* Project object */ = {
			isa = PBXProject;
			attributes = {
				BuildIndependentTargetsInParallel = YES;
				LastUpgradeCheck = 1430;
				TargetAttributes = {
					ED5FFC0DC8A8A33BD6B33E22 = {
						DevelopmentTeam = "";
					};
				};
			};
			buildConfigurationList = E79F7041121FA63AFCEE3132 /* Build configuration list for PBXProject "SushiTracker" */;
			developmentRegion = en;
			hasScannedForEncodings = 0;
			knownRegions = (
				Base,
				en,
			);
			mainGroup = E0E365753AEC7011C1B54D63;
			minimizedProjectReferenceProxies = 1;
			packageReferences = (
				A199722C6D6ACBF73CD642B1 /* XCRemoteSwiftPackageReference "supabase-swift" */,
			);
			preferredProjectObjectVersion = 77;
			productRefGroup = 7B8B8BDDA7D85745103E5651 /* Products */;
			projectDirPath = "";
			projectRoot = "";
			targets = (
				ED5FFC0DC8A8A33BD6B33E22 /* SushiTracker */,
			);
		};
/* End PBXProject section */

/* Begin PBXSourcesBuildPhase section */
		0E265691E1A93E19FDCD4BF3 /* Sources */ = {
			isa = PBXSourcesBuildPhase;
			buildActionMask = 2147483647;
			files = (
				9E7917C5B42C5CC8B387AF03 /* AuthField.swift in Sources */,
				36B3B31FE8CFCA51F008A399 /* AuthManager.swift in Sources */,
				1DCB9D7E8FF4EF1C1C0F259E /* Config.example.swift in Sources */,
				CDF9F2B9623F931F7496D5B9 /* Config.swift in Sources */,
				158982134E10AD69BFF79F48 /* ContentView.swift in Sources */,
				9FD229F0DA70D727D38D8699 /* HomeView.swift in Sources */,
				0885FF01FB7B758DDA13EA5A /* KeepAwakeView.swift in Sources */,
				6E279EAA71FFD267043850FA /* LoginView.swift in Sources */,
				4ED6E66A03AB80F43CAFB4C2 /* Models.swift in Sources */,
				85E6F2E7912CDBF89A4BB3F6 /* SignUpView.swift in Sources */,
				7B2558EBDA3E07FF6B1A5F6B /* SupabaseService.swift in Sources */,
				1FE9FDF772BB0BB57B3863E6 /* SushiListView.swift in Sources */,
				AC385552B127D3078BDBE365 /* SushiSessionView.swift in Sources */,
				673A133C649B17A2FE5E3611 /* SushiTrackerApp.swift in Sources */,
				50DEAEC63B9764534D0597DC /* WelcomeView.swift in Sources */,
			);
			runOnlyForDeploymentPostprocessing = 0;
		};
/* End PBXSourcesBuildPhase section */

/* Begin XCBuildConfiguration section */
		29D99C219D0FF9A7D77B1F82 /* Debug */ = {
			isa = XCBuildConfiguration;
			buildSettings = {
				ALWAYS_SEARCH_USER_PATHS = NO;
				CLANG_ANALYZER_NONNULL = YES;
				CLANG_ANALYZER_NUMBER_OBJECT_CONVERSION = YES_AGGRESSIVE;
				CLANG_CXX_LANGUAGE_STANDARD = "gnu++14";
				CLANG_CXX_LIBRARY = "libc++";
				CLANG_ENABLE_MODULES = YES;
				CLANG_ENABLE_OBJC_ARC = YES;
				CLANG_ENABLE_OBJC_WEAK = YES;
				CLANG_WARN_BLOCK_CAPTURE_AUTORELEASING = YES;
				CLANG_WARN_BOOL_CONVERSION = YES;
				CLANG_WARN_COMMA = YES;
				CLANG_WARN_CONSTANT_CONVERSION = YES;
				CLANG_WARN_DEPRECATED_OBJC_IMPLEMENTATIONS = YES;
				CLANG_WARN_DIRECT_OBJC_ISA_USAGE = YES_ERROR;
				CLANG_WARN_DOCUMENTATION_COMMENTS = YES;
				CLANG_WARN_EMPTY_BODY = YES;
				CLANG_WARN_ENUM_CONVERSION = YES;
				CLANG_WARN_INFINITE_RECURSION = YES;
				CLANG_WARN_INT_CONVERSION = YES;
				CLANG_WARN_NON_LITERAL_NULL_CONVERSION = YES;
				CLANG_WARN_OBJC_IMPLICIT_RETAIN_SELF = YES;
				CLANG_WARN_OBJC_LITERAL_CONVERSION = YES;
				CLANG_WARN_OBJC_ROOT_CLASS = YES_ERROR;
				CLANG_WARN_QUOTED_INCLUDE_IN_FRAMEWORK_HEADER = YES;
				CLANG_WARN_RANGE_LOOP_ANALYSIS = YES;
				CLANG_WARN_STRICT_PROTOTYPES = YES;
				CLANG_WARN_SUSPICIOUS_MOVE = YES;
				CLANG_WARN_UNGUARDED_AVAILABILITY = YES_AGGRESSIVE;
				CLANG_WARN_UNREACHABLE_CODE = YES;
				CLANG_WARN__DUPLICATE_METHOD_MATCH = YES;
				COPY_PHASE_STRIP = NO;
				DEBUG_INFORMATION_FORMAT = dwarf;
				ENABLE_STRICT_OBJC_MSGSEND = YES;
				ENABLE_TESTABILITY = YES;
				GCC_C_LANGUAGE_STANDARD = gnu11;
				GCC_DYNAMIC_NO_PIC = NO;
				GCC_NO_COMMON_BLOCKS = YES;
				GCC_OPTIMIZATION_LEVEL = 0;
				GCC_PREPROCESSOR_DEFINITIONS = (
					"$(inherited)",
					"DEBUG=1",
				);
				GCC_WARN_64_TO_32_BIT_CONVERSION = YES;
				GCC_WARN_ABOUT_RETURN_TYPE = YES_ERROR;
				GCC_WARN_UNDECLARED_SELECTOR = YES;
				GCC_WARN_UNINITIALIZED_AUTOS = YES_AGGRESSIVE;
				GCC_WARN_UNUSED_FUNCTION = YES;
				GCC_WARN_UNUSED_VARIABLE = YES;
				IPHONEOS_DEPLOYMENT_TARGET = 16.0;
				MTL_ENABLE_DEBUG_INFO = INCLUDE_SOURCE;
				MTL_FAST_MATH = YES;
				ONLY_ACTIVE_ARCH = YES;
				PRODUCT_NAME = "$(TARGET_NAME)";
				SDKROOT = iphoneos;
				SWIFT_ACTIVE_COMPILATION_CONDITIONS = DEBUG;
				SWIFT_OPTIMIZATION_LEVEL = "-Onone";
				SWIFT_VERSION = 5.0;
			};
			name = Debug;
		};
		996F29697F8455E3D8317900 /* Release */ = {
			isa = XCBuildConfiguration;
			buildSettings = {
				ALWAYS_SEARCH_USER_PATHS = NO;
				CLANG_ANALYZER_NONNULL = YES;
				CLANG_ANALYZER_NUMBER_OBJECT_CONVERSION = YES_AGGRESSIVE;
				CLANG_CXX_LANGUAGE_STANDARD = "gnu++14";
				CLANG_CXX_LIBRARY = "libc++";
				CLANG_ENABLE_MODULES = YES;
				CLANG_ENABLE_OBJC_ARC = YES;
				CLANG_ENABLE_OBJC_WEAK = YES;
				CLANG_WARN_BLOCK_CAPTURE_AUTORELEASING = YES;
				CLANG_WARN_BOOL_CONVERSION = YES;
				CLANG_WARN_COMMA = YES;
				CLANG_WARN_CONSTANT_CONVERSION = YES;
				CLANG_WARN_DEPRECATED_OBJC_IMPLEMENTATIONS = YES;
				CLANG_WARN_DIRECT_OBJC_ISA_USAGE = YES_ERROR;
				CLANG_WARN_DOCUMENTATION_COMMENTS = YES;
				CLANG_WARN_EMPTY_BODY = YES;
				CLANG_WARN_ENUM_CONVERSION = YES;
				CLANG_WARN_INFINITE_RECURSION = YES;
				CLANG_WARN_INT_CONVERSION = YES;
				CLANG_WARN_NON_LITERAL_NULL_CONVERSION = YES;
				CLANG_WARN_OBJC_IMPLICIT_RETAIN_SELF = YES;
				CLANG_WARN_OBJC_LITERAL_CONVERSION = YES;
				CLANG_WARN_OBJC_ROOT_CLASS = YES_ERROR;
				CLANG_WARN_QUOTED_INCLUDE_IN_FRAMEWORK_HEADER = YES;
				CLANG_WARN_RANGE_LOOP_ANALYSIS = YES;
				CLANG_WARN_STRICT_PROTOTYPES = YES;
				CLANG_WARN_SUSPICIOUS_MOVE = YES;
				CLANG_WARN_UNGUARDED_AVAILABILITY = YES_AGGRESSIVE;
				CLANG_WARN_UNREACHABLE_CODE = YES;
				CLANG_WARN__DUPLICATE_METHOD_MATCH = YES;
				COPY_PHASE_STRIP = NO;
				DEBUG_INFORMATION_FORMAT = "dwarf-with-dsym";
				ENABLE_NS_ASSERTIONS = NO;
				ENABLE_STRICT_OBJC_MSGSEND = YES;
				GCC_C_LANGUAGE_STANDARD = gnu11;
				GCC_NO_COMMON_BLOCKS = YES;
				GCC_WARN_64_TO_32_BIT_CONVERSION = YES;
				GCC_WARN_ABOUT_RETURN_TYPE = YES_ERROR;
				GCC_WARN_UNDECLARED_SELECTOR = YES;
				GCC_WARN_UNINITIALIZED_AUTOS = YES_AGGRESSIVE;
				GCC_WARN_UNUSED_FUNCTION = YES;
				GCC_WARN_UNUSED_VARIABLE = YES;
				IPHONEOS_DEPLOYMENT_TARGET = 16.0;
				MTL_ENABLE_DEBUG_INFO = NO;
				MTL_FAST_MATH = YES;
				PRODUCT_NAME = "$(TARGET_NAME)";
				SDKROOT = iphoneos;
				SWIFT_COMPILATION_MODE = wholemodule;
				SWIFT_OPTIMIZATION_LEVEL = "-O";
				SWIFT_VERSION = 5.0;
			};
			name = Release;
		};
		9F4752DB7A46D73E6D222EA5 /* Release */ = {
			isa = XCBuildConfiguration;
			buildSettings = {
				ASSETCATALOG_COMPILER_APPICON_NAME = AppIcon;
				CODE_SIGN_IDENTITY = "iPhone Developer";
				DEVELOPMENT_TEAM = "";
				INFOPLIST_FILE = SushiTracker/Info.plist;
				IPHONEOS_DEPLOYMENT_TARGET = 16.0;
				LD_RUNPATH_SEARCH_PATHS = (
					"$(inherited)",
					"@executable_path/Frameworks",
				);
				PRODUCT_BUNDLE_IDENTIFIER = com.sushitracker.app;
				SDKROOT = iphoneos;
				SWIFT_VERSION = 5.9;
				TARGETED_DEVICE_FAMILY = "1,2";
			};
			name = Release;
		};
		C148CEC6A3918871C5468D17 /* Debug */ = {
			isa = XCBuildConfiguration;
			buildSettings = {
				ASSETCATALOG_COMPILER_APPICON_NAME = AppIcon;
				CODE_SIGN_IDENTITY = "iPhone Developer";
				DEVELOPMENT_TEAM = "";
				INFOPLIST_FILE = SushiTracker/Info.plist;
				IPHONEOS_DEPLOYMENT_TARGET = 16.0;
				LD_RUNPATH_SEARCH_PATHS = (
					"$(inherited)",
					"@executable_path/Frameworks",
				);
				PRODUCT_BUNDLE_IDENTIFIER = com.sushitracker.app;
				SDKROOT = iphoneos;
				SWIFT_VERSION = 5.9;
				TARGETED_DEVICE_FAMILY = "1,2";
			};
			name = Debug;
		};
/* End XCBuildConfiguration section */

/* Begin XCConfigurationList section */
		2D70D4DA5CC0D1E0B5E0D544 /* Build configuration list for PBXNativeTarget "SushiTracker" */ = {
			isa = XCConfigurationList;
			buildConfigurations = (
				C148CEC6A3918871C5468D17 /* Debug */,
				9F4752DB7A46D73E6D222EA5 /* Release */,
			);
			defaultConfigurationIsVisible = 0;
			defaultConfigurationName = Debug;
		};
		E79F7041121FA63AFCEE3132 /* Build configuration list for PBXProject "SushiTracker" */ = {
			isa = XCConfigurationList;
			buildConfigurations = (
				29D99C219D0FF9A7D77B1F82 /* Debug */,
				996F29697F8455E3D8317900 /* Release */,
			);
			defaultConfigurationIsVisible = 0;
			defaultConfigurationName = Debug;
		};
/* End XCConfigurationList section */

/* Begin XCRemoteSwiftPackageReference section */
		A199722C6D6ACBF73CD642B1 /* XCRemoteSwiftPackageReference "supabase-swift" */ = {
			isa = XCRemoteSwiftPackageReference;
			repositoryURL = "https://github.com/supabase/supabase-swift";
			requirement = {
				kind = upToNextMajorVersion;
				minimumVersion = 2.0.0;
			};
		};
/* End XCRemoteSwiftPackageReference section */

/* Begin XCSwiftPackageProductDependency section */
		592A7255269165BF91F4A5FD /* Supabase */ = {
			isa = XCSwiftPackageProductDependency;
			package = A199722C6D6ACBF73CD642B1 /* XCRemoteSwiftPackageReference "supabase-swift" */;
			productName = Supabase;
		};
/* End XCSwiftPackageProductDependency section */
	};
	rootObject = 97594DA7476D7A9016E69BAB /* Project object */;
}
